
Microsoft Visual Studio Solution File, Format Version 12.00
# Visual Studio Version 16
VisualStudioVersion = 16.0.31321.278
MinimumVisualStudioVersion = 10.0.40219.1
Project("{FAE04EC0-301F-11D3-BF4B-00C04F79EFBC}") = "KFU.CinemaOnline.API", "KFU.CinemaOnline.API\KFU.CinemaOnline.API.csproj", "{C64B8C24-3D42-4D5A-9947-61BFC10C5439}"
EndProject
Project("{FAE04EC0-301F-11D3-BF4B-00C04F79EFBC}") = "KFU.CinemaOnline.API.Contracts", "KFU.CinemaOnline.API.Contracts\KFU.CinemaOnline.API.Contracts.csproj", "{CE741B37-0B8C-495C-A14C-51006ED8A861}"
EndProject
Project("{FAE04EC0-301F-11D3-BF4B-00C04F79EFBC}") = "KFU.CinemaOnline.API.UnitTests", "KFU.CinemaOnline.API.UnitTests\KFU.CinemaOnline.API.UnitTests.csproj", "{54B34EEF-6E24-4EC2-AC07-0D3F690F6202}"
EndProject
Project("{FAE04EC0-301F-11D3-BF4B-00C04F79EFBC}") = "KFU.CinemaOnline.BL", "KFU.CinemaOnline.BL\KFU.CinemaOnline.BL.csproj", "{B8679512-EBC1-416A-B3D4-A9AE0447EED3}"
EndProject
Project("{FAE04EC0-301F-11D3-BF4B-00C04F79EFBC}") = "KFU.CinemaOnline.BL.Contracts", "KFU.CinemaOnline.BL.Contracts\KFU.CinemaOnline.BL.Contracts.csproj", "{A385EABC-FBA5-4BBC-B0EF-6B36C09CE5B5}"
EndProject
Project("{FAE04EC0-301F-11D3-BF4B-00C04F79EFBC}") = "KFU.CinemaOnline.BL.UnitTests", "KFU.CinemaOnline.BL.UnitTests\KFU.CinemaOnline.BL.UnitTests.csproj", "{E6DB7758-23D2-4926-A79B-BD8FBCDF9070}"
EndProject
Project("{FAE04EC0-301F-11D3-BF4B-00C04F79EFBC}") = "KFU.CinemaOnline.DAL", "KFU.CinemaOnline.DAL\KFU.CinemaOnline.DAL.csproj", "{7CE9D869-9B12-45FF-B566-A2A3531F0C35}"
EndProject
Global
	GlobalSection(SolutionConfigurationPlatforms) = preSolution
		Debug|Any CPU = Debug|Any CPU
		Release|Any CPU = Release|Any CPU
	EndGlobalSection
	GlobalSection(ProjectConfigurationPlatforms) = postSolution
		{C64B8C24-3D42-4D5A-9947-61BFC10C5439}.Debug|Any CPU.ActiveCfg = Debug|Any CPU
		{C64B8C24-3D42-4D5A-9947-61BFC10C5439}.Debug|Any CPU.Build.0 = Debug|Any CPU
		{C64B8C24-3D42-4D5A-9947-61BFC10C5439}.Release|Any CPU.ActiveCfg = Release|Any CPU
		{C64B8C24-3D42-4D5A-9947-61BFC10C5439}.Release|Any CPU.Build.0 = Release|Any CPU
		{CE741B37-0B8C-495C-A14C-51006ED8A861}.Debug|Any CPU.ActiveCfg = Debug|Any CPU
		{CE741B37-0B8C-495C-A14C-51006ED8A861}.Debug|Any CPU.Build.0 = Debug|Any CPU
		{CE741B37-0B8C-495C-A14C-51006ED8A861}.Release|Any CPU.ActiveCfg = Release|Any CPU
		{CE741B37-0B8C-495C-A14C-51006ED8A861}.Release|Any CPU.Build.0 = Release|Any CPU
		{54B34EEF-6E24-4EC2-AC07-0D3F690F6202}.Debug|Any CPU.ActiveCfg = Debug|Any CPU
		{54B34EEF-6E24-4EC2-AC07-0D3F690F6202}.Debug|Any CPU.Build.0 = Debug|Any CPU
		{54B34EEF-6E24-4EC2-AC07-0D3F690F6202}.Release|Any CPU.ActiveCfg = Release|Any CPU
		{54B34EEF-6E24-4EC2-AC07-0D3F690F6202}.Release|Any CPU.Build.0 = Release|Any CPU
		{B8679512-EBC1-416A-B3D4-A9AE0447EED3}.Debug|Any CPU.ActiveCfg = Debug|Any CPU
		{B8679512-EBC1-416A-B3D4-A9AE0447EED3}.Debug|Any CPU.Build.0 = Debug|Any CPU
		{B8679512-EBC1-416A-B3D4-A9AE0447EED3}.Release|Any CPU.ActiveCfg = Release|Any CPU
		{B8679512-EBC1-416A-B3D4-A9AE0447EED3}.Release|Any CPU.Build.0 = Release|Any CPU
		{A385EABC-FBA5-4BBC-B0EF-6B36C09CE5B5}.Debug|Any CPU.ActiveCfg = Debug|Any CPU
		{A385EABC-FBA5-4BBC-B0EF-6B36C09CE5B5}.Debug|Any CPU.Build.0 = Debug|Any CPU
		{A385EABC-FBA5-4BBC-B0EF-6B36C09CE5B5}.Release|Any CPU.ActiveCfg = Release|Any CPU
		{A385EABC-FBA5-4BBC-B0EF-6B36C09CE5B5}.Release|Any CPU.Build.0 = Release|Any CPU
		{E6DB7758-23D2-4926-A79B-BD8FBCDF9070}.Debug|Any CPU.ActiveCfg = Debug|Any CPU
		{E6DB7758-23D2-4926-A79B-BD8FBCDF9070}.Debug|Any CPU.Build.0 = Debug|Any CPU
		{E6DB7758-23D2-4926-A79B-BD8FBCDF9070}.Release|Any CPU.ActiveCfg = Release|Any CPU
		{E6DB7758-23D2-4926-A79B-BD8FBCDF9070}.Release|Any CPU.Build.0 = Release|Any CPU
		{7CE9D869-9B12-45FF-B566-A2A3531F0C35}.Debug|Any CPU.ActiveCfg = Debug|Any CPU
		{7CE9D869-9B12-45FF-B566-A2A3531F0C35}.Debug|Any CPU.Build.0 = Debug|Any CPU
		{7CE9D869-9B12-45FF-B566-A2A3531F0C35}.Release|Any CPU.ActiveCfg = Release|Any CPU
		{7CE9D869-9B12-45FF-B566-A2A3531F0C35}.Release|Any CPU.Build.0 = Release|Any CPU
	EndGlobalSection
	GlobalSection(SolutionProperties) = preSolution
		HideSolutionNode = FALSE
	EndGlobalSection
	GlobalSection(ExtensibilityGlobals) = postSolution
		SolutionGuid = {197431B4-D07C-4A81-8511-F255B143EF3B}
	EndGlobalSection
EndGlobal
